
Microsoft Visual Studio Solution File, Format Version 12.00
# Visual Studio Version 17
VisualStudioVersion = 17.13.35828.75
MinimumVisualStudioVersion = 10.0.40219.1
Project("{8BC9CEB8-8B4A-11D0-8D11-00A0C91BC942}") = "algorithms-problem-solving-level-4", "algorithms-problem-solving-level-4\algorithms-problem-solving-level-4.vcxproj", "{CE8B53F8-406F-4F5B-8AFD-3A9CB798AA6E}"
EndProject
Project("{8BC9CEB8-8B4A-11D0-8D11-00A0C91BC942}") = "Problem-2", "Problem-2\Problem-2.vcxproj", "{728E945D-8CCD-4E35-9216-7B2AB5BBF7AF}"
EndProject
Project("{8BC9CEB8-8B4A-11D0-8D11-00A0C91BC942}") = "Problem-3", "Problem-3\Problem-3.vcxproj", "{EF8E4D23-87C3-42D8-B22F-96DDB176FD4D}"
EndProject
Project("{8BC9CEB8-8B4A-11D0-8D11-00A0C91BC942}") = "Problem-4", "Problem-4\Problem-4.vcxproj", "{95990154-35BC-42E9-B4F7-A5E73DED328C}"
EndProject
Project("{8BC9CEB8-8B4A-11D0-8D11-00A0C91BC942}") = "Problem 5", "Problem 5\Problem 5.vcxproj", "{15C3A608-71F5-4274-95D4-EB0B822CA158}"
EndProject
Project("{8BC9CEB8-8B4A-11D0-8D11-00A0C91BC942}") = "Problem-6", "Problem-6\Problem-6.vcxproj", "{A1188CB9-43D9-48C4-A2D8-9362D85EB5E6}"
EndProject
Project("{8BC9CEB8-8B4A-11D0-8D11-00A0C91BC942}") = "Problem-7", "Problem-7\Problem-7.vcxproj", "{19674012-8A1D-4B3A-8B00-9A9D4AB9A240}"
EndProject
Project("{8BC9CEB8-8B4A-11D0-8D11-00A0C91BC942}") = "Problem-8", "Problem-8\Problem-8.vcxproj", "{CF2728F7-610F-430B-BAFC-955D7CCD7D22}"
EndProject
Project("{8BC9CEB8-8B4A-11D0-8D11-00A0C91BC942}") = "Problem-9", "Problem-9\Problem-9.vcxproj", "{025EC66D-C362-4177-94F2-99DBE3CFD50F}"
EndProject
Project("{8BC9CEB8-8B4A-11D0-8D11-00A0C91BC942}") = "Problem-10", "Problem-10\Problem-10.vcxproj", "{089D1FB2-7208-49B5-BBAD-F3EEA9EDE45E}"
EndProject
Global
	GlobalSection(SolutionConfigurationPlatforms) = preSolution
		Debug|Any CPU = Debug|Any CPU
		Debug|x64 = Debug|x64
		Debug|x86 = Debug|x86
		Release|Any CPU = Release|Any CPU
		Release|x64 = Release|x64
		Release|x86 = Release|x86
	EndGlobalSection
	GlobalSection(ProjectConfigurationPlatforms) = postSolution
		{CE8B53F8-406F-4F5B-8AFD-3A9CB798AA6E}.Debug|Any CPU.ActiveCfg = Debug|x64
		{CE8B53F8-406F-4F5B-8AFD-3A9CB798AA6E}.Debug|Any CPU.Build.0 = Debug|x64
		{CE8B53F8-406F-4F5B-8AFD-3A9CB798AA6E}.Debug|x64.ActiveCfg = Debug|x64
		{CE8B53F8-406F-4F5B-8AFD-3A9CB798AA6E}.Debug|x64.Build.0 = Debug|x64
		{CE8B53F8-406F-4F5B-8AFD-3A9CB798AA6E}.Debug|x86.ActiveCfg = Debug|Win32
		{CE8B53F8-406F-4F5B-8AFD-3A9CB798AA6E}.Debug|x86.Build.0 = Debug|Win32
		{CE8B53F8-406F-4F5B-8AFD-3A9CB798AA6E}.Release|Any CPU.ActiveCfg = Release|x64
		{CE8B53F8-406F-4F5B-8AFD-3A9CB798AA6E}.Release|Any CPU.Build.0 = Release|x64
		{CE8B53F8-406F-4F5B-8AFD-3A9CB798AA6E}.Release|x64.ActiveCfg = Release|x64
		{CE8B53F8-406F-4F5B-8AFD-3A9CB798AA6E}.Release|x64.Build.0 = Release|x64
		{CE8B53F8-406F-4F5B-8AFD-3A9CB798AA6E}.Release|x86.ActiveCfg = Release|Win32
		{CE8B53F8-406F-4F5B-8AFD-3A9CB798AA6E}.Release|x86.Build.0 = Release|Win32
		{728E945D-8CCD-4E35-9216-7B2AB5BBF7AF}.Debug|Any CPU.ActiveCfg = Debug|x64
		{728E945D-8CCD-4E35-9216-7B2AB5BBF7AF}.Debug|Any CPU.Build.0 = Debug|x64
		{728E945D-8CCD-4E35-9216-7B2AB5BBF7AF}.Debug|x64.ActiveCfg = Debug|x64
		{728E945D-8CCD-4E35-9216-7B2AB5BBF7AF}.Debug|x64.Build.0 = Debug|x64
		{728E945D-8CCD-4E35-9216-7B2AB5BBF7AF}.Debug|x86.ActiveCfg = Debug|Win32
		{728E945D-8CCD-4E35-9216-7B2AB5BBF7AF}.Debug|x86.Build.0 = Debug|Win32
		{728E945D-8CCD-4E35-9216-7B2AB5BBF7AF}.Release|Any CPU.ActiveCfg = Release|x64
		{728E945D-8CCD-4E35-9216-7B2AB5BBF7AF}.Release|Any CPU.Build.0 = Release|x64
		{728E945D-8CCD-4E35-9216-7B2AB5BBF7AF}.Release|x64.ActiveCfg = Release|x64
		{728E945D-8CCD-4E35-9216-7B2AB5BBF7AF}.Release|x64.Build.0 = Release|x64
		{728E945D-8CCD-4E35-9216-7B2AB5BBF7AF}.Release|x86.ActiveCfg = Release|Win32
		{728E945D-8CCD-4E35-9216-7B2AB5BBF7AF}.Release|x86.Build.0 = Release|Win32
		{EF8E4D23-87C3-42D8-B22F-96DDB176FD4D}.Debug|Any CPU.ActiveCfg = Debug|x64
		{EF8E4D23-87C3-42D8-B22F-96DDB176FD4D}.Debug|Any CPU.Build.0 = Debug|x64
		{EF8E4D23-87C3-42D8-B22F-96DDB176FD4D}.Debug|x64.ActiveCfg = Debug|x64
		{EF8E4D23-87C3-42D8-B22F-96DDB176FD4D}.Debug|x64.Build.0 = Debug|x64
		{EF8E4D23-87C3-42D8-B22F-96DDB176FD4D}.Debug|x86.ActiveCfg = Debug|Win32
		{EF8E4D23-87C3-42D8-B22F-96DDB176FD4D}.Debug|x86.Build.0 = Debug|Win32
		{EF8E4D23-87C3-42D8-B22F-96DDB176FD4D}.Release|Any CPU.ActiveCfg = Release|x64
		{EF8E4D23-87C3-42D8-B22F-96DDB176FD4D}.Release|Any CPU.Build.0 = Release|x64
		{EF8E4D23-87C3-42D8-B22F-96DDB176FD4D}.Release|x64.ActiveCfg = Release|x64
		{EF8E4D23-87C3-42D8-B22F-96DDB176FD4D}.Release|x64.Build.0 = Release|x64
		{EF8E4D23-87C3-42D8-B22F-96DDB176FD4D}.Release|x86.ActiveCfg = Release|Win32
		{EF8E4D23-87C3-42D8-B22F-96DDB176FD4D}.Release|x86.Build.0 = Release|Win32
		{95990154-35BC-42E9-B4F7-A5E73DED328C}.Debug|Any CPU.ActiveCfg = Debug|x64
		{95990154-35BC-42E9-B4F7-A5E73DED328C}.Debug|Any CPU.Build.0 = Debug|x64
		{95990154-35BC-42E9-B4F7-A5E73DED328C}.Debug|x64.ActiveCfg = Debug|x64
		{95990154-35BC-42E9-B4F7-A5E73DED328C}.Debug|x64.Build.0 = Debug|x64
		{95990154-35BC-42E9-B4F7-A5E73DED328C}.Debug|x86.ActiveCfg = Debug|Win32
		{95990154-35BC-42E9-B4F7-A5E73DED328C}.Debug|x86.Build.0 = Debug|Win32
		{95990154-35BC-42E9-B4F7-A5E73DED328C}.Release|Any CPU.ActiveCfg = Release|x64
		{95990154-35BC-42E9-B4F7-A5E73DED328C}.Release|Any CPU.Build.0 = Release|x64
		{95990154-35BC-42E9-B4F7-A5E73DED328C}.Release|x64.ActiveCfg = Release|x64
		{95990154-35BC-42E9-B4F7-A5E73DED328C}.Release|x64.Build.0 = Release|x64
		{95990154-35BC-42E9-B4F7-A5E73DED328C}.Release|x86.ActiveCfg = Release|Win32
		{95990154-35BC-42E9-B4F7-A5E73DED328C}.Release|x86.Build.0 = Release|Win32
		{15C3A608-71F5-4274-95D4-EB0B822CA158}.Debug|Any CPU.ActiveCfg = Debug|x64
		{15C3A608-71F5-4274-95D4-EB0B822CA158}.Debug|Any CPU.Build.0 = Debug|x64
		{15C3A608-71F5-4274-95D4-EB0B822CA158}.Debug|x64.ActiveCfg = Debug|x64
		{15C3A608-71F5-4274-95D4-EB0B822CA158}.Debug|x64.Build.0 = Debug|x64
		{15C3A608-71F5-4274-95D4-EB0B822CA158}.Debug|x86.ActiveCfg = Debug|Win32
		{15C3A608-71F5-4274-95D4-EB0B822CA158}.Debug|x86.Build.0 = Debug|Win32
		{15C3A608-71F5-4274-95D4-EB0B822CA158}.Release|Any CPU.ActiveCfg = Release|x64
		{15C3A608-71F5-4274-95D4-EB0B822CA158}.Release|Any CPU.Build.0 = Release|x64
		{15C3A608-71F5-4274-95D4-EB0B822CA158}.Release|x64.ActiveCfg = Release|x64
		{15C3A608-71F5-4274-95D4-EB0B822CA158}.Release|x64.Build.0 = Release|x64
		{15C3A608-71F5-4274-95D4-EB0B822CA158}.Release|x86.ActiveCfg = Release|Win32
		{15C3A608-71F5-4274-95D4-EB0B822CA158}.Release|x86.Build.0 = Release|Win32
		{A1188CB9-43D9-48C4-A2D8-9362D85EB5E6}.Debug|Any CPU.ActiveCfg = Debug|x64
		{A1188CB9-43D9-48C4-A2D8-9362D85EB5E6}.Debug|Any CPU.Build.0 = Debug|x64
		{A1188CB9-43D9-48C4-A2D8-9362D85EB5E6}.Debug|x64.ActiveCfg = Debug|x64
		{A1188CB9-43D9-48C4-A2D8-9362D85EB5E6}.Debug|x64.Build.0 = Debug|x64
		{A1188CB9-43D9-48C4-A2D8-9362D85EB5E6}.Debug|x86.ActiveCfg = Debug|Win32
		{A1188CB9-43D9-48C4-A2D8-9362D85EB5E6}.Debug|x86.Build.0 = Debug|Win32
		{A1188CB9-43D9-48C4-A2D8-9362D85EB5E6}.Release|Any CPU.ActiveCfg = Release|x64
		{A1188CB9-43D9-48C4-A2D8-9362D85EB5E6}.Release|Any CPU.Build.0 = Release|x64
		{A1188CB9-43D9-48C4-A2D8-9362D85EB5E6}.Release|x64.ActiveCfg = Release|x64
		{A1188CB9-43D9-48C4-A2D8-9362D85EB5E6}.Release|x64.Build.0 = Release|x64
		{A1188CB9-43D9-48C4-A2D8-9362D85EB5E6}.Release|x86.ActiveCfg = Release|Win32
		{A1188CB9-43D9-48C4-A2D8-9362D85EB5E6}.Release|x86.Build.0 = Release|Win32
		{19674012-8A1D-4B3A-8B00-9A9D4AB9A240}.Debug|Any CPU.ActiveCfg = Debug|x64
		{19674012-8A1D-4B3A-8B00-9A9D4AB9A240}.Debug|Any CPU.Build.0 = Debug|x64
		{19674012-8A1D-4B3A-8B00-9A9D4AB9A240}.Debug|x64.ActiveCfg = Debug|x64
		{19674012-8A1D-4B3A-8B00-9A9D4AB9A240}.Debug|x64.Build.0 = Debug|x64
		{19674012-8A1D-4B3A-8B00-9A9D4AB9A240}.Debug|x86.ActiveCfg = Debug|Win32
		{19674012-8A1D-4B3A-8B00-9A9D4AB9A240}.Debug|x86.Build.0 = Debug|Win32
		{19674012-8A1D-4B3A-8B00-9A9D4AB9A240}.Release|Any CPU.ActiveCfg = Release|x64
		{19674012-8A1D-4B3A-8B00-9A9D4AB9A240}.Release|Any CPU.Build.0 = Release|x64
		{19674012-8A1D-4B3A-8B00-9A9D4AB9A240}.Release|x64.ActiveCfg = Release|x64
		{19674012-8A1D-4B3A-8B00-9A9D4AB9A240}.Release|x64.Build.0 = Release|x64
		{19674012-8A1D-4B3A-8B00-9A9D4AB9A240}.Release|x86.ActiveCfg = Release|Win32
		{19674012-8A1D-4B3A-8B00-9A9D4AB9A240}.Release|x86.Build.0 = Release|Win32
		{CF2728F7-610F-430B-BAFC-955D7CCD7D22}.Debug|Any CPU.ActiveCfg = Debug|x64
		{CF2728F7-610F-430B-BAFC-955D7CCD7D22}.Debug|Any CPU.Build.0 = Debug|x64
		{CF2728F7-610F-430B-BAFC-955D7CCD7D22}.Debug|x64.ActiveCfg = Debug|x64
		{CF2728F7-610F-430B-BAFC-955D7CCD7D22}.Debug|x64.Build.0 = Debug|x64
		{CF2728F7-610F-430B-BAFC-955D7CCD7D22}.Debug|x86.ActiveCfg = Debug|Win32
		{CF2728F7-610F-430B-BAFC-955D7CCD7D22}.Debug|x86.Build.0 = Debug|Win32
		{CF2728F7-610F-430B-BAFC-955D7CCD7D22}.Release|Any CPU.ActiveCfg = Release|x64
		{CF2728F7-610F-430B-BAFC-955D7CCD7D22}.Release|Any CPU.Build.0 = Release|x64
		{CF2728F7-610F-430B-BAFC-955D7CCD7D22}.Release|x64.ActiveCfg = Release|x64
		{CF2728F7-610F-430B-BAFC-955D7CCD7D22}.Release|x64.Build.0 = Release|x64
		{CF2728F7-610F-430B-BAFC-955D7CCD7D22}.Release|x86.ActiveCfg = Release|Win32
		{CF2728F7-610F-430B-BAFC-955D7CCD7D22}.Release|x86.Build.0 = Release|Win32
		{025EC66D-C362-4177-94F2-99DBE3CFD50F}.Debug|Any CPU.ActiveCfg = Debug|x64
		{025EC66D-C362-4177-94F2-99DBE3CFD50F}.Debug|Any CPU.Build.0 = Debug|x64
		{025EC66D-C362-4177-94F2-99DBE3CFD50F}.Debug|x64.ActiveCfg = Debug|x64
		{025EC66D-C362-4177-94F2-99DBE3CFD50F}.Debug|x64.Build.0 = Debug|x64
		{025EC66D-C362-4177-94F2-99DBE3CFD50F}.Debug|x86.ActiveCfg = Debug|Win32
		{025EC66D-C362-4177-94F2-99DBE3CFD50F}.Debug|x86.Build.0 = Debug|Win32
		{025EC66D-C362-4177-94F2-99DBE3CFD50F}.Release|Any CPU.ActiveCfg = Release|x64
		{025EC66D-C362-4177-94F2-99DBE3CFD50F}.Release|Any CPU.Build.0 = Release|x64
		{025EC66D-C362-4177-94F2-99DBE3CFD50F}.Release|x64.ActiveCfg = Release|x64
		{025EC66D-C362-4177-94F2-99DBE3CFD50F}.Release|x64.Build.0 = Release|x64
		{025EC66D-C362-4177-94F2-99DBE3CFD50F}.Release|x86.ActiveCfg = Release|Win32
		{025EC66D-C362-4177-94F2-99DBE3CFD50F}.Release|x86.Build.0 = Release|Win32
		{089D1FB2-7208-49B5-BBAD-F3EEA9EDE45E}.Debug|Any CPU.ActiveCfg = Debug|x64
		{089D1FB2-7208-49B5-BBAD-F3EEA9EDE45E}.Debug|Any CPU.Build.0 = Debug|x64
		{089D1FB2-7208-49B5-BBAD-F3EEA9EDE45E}.Debug|x64.ActiveCfg = Debug|x64
		{089D1FB2-7208-49B5-BBAD-F3EEA9EDE45E}.Debug|x64.Build.0 = Debug|x64
		{089D1FB2-7208-49B5-BBAD-F3EEA9EDE45E}.Debug|x86.ActiveCfg = Debug|Win32
		{089D1FB2-7208-49B5-BBAD-F3EEA9EDE45E}.Debug|x86.Build.0 = Debug|Win32
		{089D1FB2-7208-49B5-BBAD-F3EEA9EDE45E}.Release|Any CPU.ActiveCfg = Release|x64
		{089D1FB2-7208-49B5-BBAD-F3EEA9EDE45E}.Release|Any CPU.Build.0 = Release|x64
		{089D1FB2-7208-49B5-BBAD-F3EEA9EDE45E}.Release|x64.ActiveCfg = Release|x64
		{089D1FB2-7208-49B5-BBAD-F3EEA9EDE45E}.Release|x64.Build.0 = Release|x64
		{089D1FB2-7208-49B5-BBAD-F3EEA9EDE45E}.Release|x86.ActiveCfg = Release|Win32
		{089D1FB2-7208-49B5-BBAD-F3EEA9EDE45E}.Release|x86.Build.0 = Release|Win32
	EndGlobalSection
	GlobalSection(SolutionProperties) = preSolution
		HideSolutionNode = FALSE
	EndGlobalSection
	GlobalSection(ExtensibilityGlobals) = postSolution
		SolutionGuid = {A5A4D347-A6B6-4020-B3F3-142257F6FF94}
	EndGlobalSection
EndGlobal
